{
  "version": 4,
  "terraform_version": "1.9.8",
  "serial": 886,
  "lineage": "33ddc512-dc6d-7ddb-1865-30e41a47e81d",
  "outputs": {},
  "resources": [
    {
      "mode": "data",
      "type": "aws_availability_zones",
      "name": "available",
      "provider": "provider[\"registry.terraform.io/hashicorp/aws\"]",
      "instances": [
        {
          "schema_version": 0,
          "attributes": {
            "all_availability_zones": null,
            "exclude_names": null,
            "exclude_zone_ids": null,
            "filter": null,
            "group_names": [
              "us-east-1-zg-1"
            ],
            "id": "us-east-1",
            "names": [
              "us-east-1a",
              "us-east-1b",
              "us-east-1c",
              "us-east-1d",
              "us-east-1e",
              "us-east-1f"
            ],
            "state": "available",
            "timeouts": null,
            "zone_ids": [
              "use1-az1",
              "use1-az2",
              "use1-az4",
              "use1-az6",
              "use1-az3",
              "use1-az5"
            ]
          },
          "sensitive_attributes": []
        }
      ]
    },
    {
      "mode": "managed",
      "type": "aws_security_group",
      "name": "alb_existing",
      "provider": "provider[\"registry.terraform.io/hashicorp/aws\"]",
      "instances": []
    },
    {
      "mode": "managed",
      "type": "aws_security_group",
      "name": "ecs_existing",
      "provider": "provider[\"registry.terraform.io/hashicorp/aws\"]",
      "instances": []
    },
    {
      "mode": "managed",
      "type": "aws_security_group",
      "name": "rds_existing",
      "provider": "provider[\"registry.terraform.io/hashicorp/aws\"]",
      "instances": []
    },
    {
      "mode": "managed",
      "type": "aws_wafv2_web_acl",
      "name": "cloudfront",
      "provider": "provider[\"registry.terraform.io/hashicorp/aws\"].us_east_1",
      "instances": []
    },
    {
      "mode": "managed",
      "type": "random_password",
      "name": "db",
      "provider": "provider[\"registry.terraform.io/hashicorp/random\"]",
      "instances": [
        {
          "schema_version": 3,
          "attributes": {
            "bcrypt_hash": "$2a$10$O.Ag5BJKQ1Oc.d0rnSly3ekDEAMkSiRBDlPRbrC75zOMe8Ner6TsG",
            "id": "none",
            "keepers": null,
            "length": 32,
            "lower": true,
            "min_lower": 0,
            "min_numeric": 0,
            "min_special": 0,
            "min_upper": 0,
            "number": true,
            "numeric": true,
            "override_special": null,
            "result": "KtDsTZ42zXjZsrfgnXWVuNX565euQ1et",
            "special": false,
            "upper": true
          },
          "sensitive_attributes": [
            [
              {
                "type": "get_attr",
                "value": "bcrypt_hash"
              }
            ],
            [
              {
                "type": "get_attr",
                "value": "result"
              }
            ]
          ]
        }
      ]
    },
    {
      "module": "module.acm_alb[0]",
      "mode": "managed",
      "type": "aws_acm_certificate_validation",
      "name": "cert",
      "provider": "provider[\"registry.terraform.io/hashicorp/aws\"]",
      "instances": []
    },
    {
      "module": "module.network[0]",
      "mode": "managed",
      "type": "aws_security_group",
      "name": "alb",
      "provider": "provider[\"registry.terraform.io/hashicorp/aws\"]",
      "instances": [
        {
          "schema_version": 1,
          "attributes": {
            "arn": "arn:aws:ec2:us-east-1:208030346312:security-group/sg-0809096d6e58670d8",
            "description": "ALB: allow 80/443 from internet",
            "egress": [
              {
                "cidr_blocks": [
                  "0.0.0.0/0"
                ],
                "description": "",
                "from_port": 0,
                "ipv6_cidr_blocks": [],
                "prefix_list_ids": [],
                "protocol": "-1",
                "security_groups": [],
                "self": false,
                "to_port": 0
              }
            ],
            "id": "sg-0809096d6e58670d8",
            "ingress": [
              {
                "cidr_blocks": [
                  "0.0.0.0/0"
                ],
                "description": "",
                "from_port": 443,
                "ipv6_cidr_blocks": [],
                "prefix_list_ids": [],
                "protocol": "tcp",
                "security_groups": [],
                "self": false,
                "to_port": 443
              },
              {
                "cidr_blocks": [
                  "0.0.0.0/0"
                ],
                "description": "",
                "from_port": 80,
                "ipv6_cidr_blocks": [],
                "prefix_list_ids": [],
                "protocol": "tcp",
                "security_groups": [],
                "self": false,
                "to_port": 80
              }
            ],
            "name": "zinovia-fans-prod-alb-20260213112324053400000001",
            "name_prefix": "zinovia-fans-prod-alb-",
            "owner_id": "208030346312",
            "revoke_rules_on_delete": false,
            "tags": {
              "Name": "zinovia-fans-prod-alb-sg"
            },
            "tags_all": {
              "Environment": "prod",
              "ManagedBy": "terraform",
              "Name": "zinovia-fans-prod-alb-sg",
              "Project": "zinovia-fans"
            },
            "timeouts": null,
            "vpc_id": "vpc-01cc3927aca442993"
          },
          "sensitive_attributes": [],
          "private": "eyJlMmJmYjczMC1lY2FhLTExZTYtOGY4OC0zNDM2M2JjN2M0YzAiOnsiY3JlYXRlIjo2MDAwMDAwMDAwMDAsImRlbGV0ZSI6OTAwMDAwMDAwMDAwfSwic2NoZW1hX3ZlcnNpb24iOiIxIn0=",
          "dependencies": [
            "module.network.aws_vpc.main"
          ],
          "create_before_destroy": true
        },
        {
          "deposed": "637ed854",
          "schema_version": 1,
          "attributes": {
            "arn": "arn:aws:ec2:us-east-1:208030346312:security-group/sg-0107cd458207ec0f5",
            "description": "ALB: allow 80/443 from internet",
            "egress": [
              {
                "cidr_blocks": [
                  "0.0.0.0/0"
                ],
                "description": "",
                "from_port": 0,
                "ipv6_cidr_blocks": [],
                "prefix_list_ids": [],
                "protocol": "-1",
                "security_groups": [],
                "self": false,
                "to_port": 0
              }
            ],
            "id": "sg-0107cd458207ec0f5",
            "ingress": [
              {
                "cidr_blocks": [
                  "0.0.0.0/0"
                ],
                "description": "",
                "from_port": 443,
                "ipv6_cidr_blocks": [],
                "prefix_list_ids": [],
                "protocol": "tcp",
                "security_groups": [],
                "self": false,
                "to_port": 443
              },
              {
                "cidr_blocks": [
                  "0.0.0.0/0"
                ],
                "description": "",
                "from_port": 80,
                "ipv6_cidr_blocks": [],
                "prefix_list_ids": [],
                "protocol": "tcp",
                "security_groups": [],
                "self": false,
                "to_port": 80
              }
            ],
            "name": "zinovia-fans-staging-alb-20260213094646855600000008",
            "name_prefix": "zinovia-fans-staging-alb-",
            "owner_id": "208030346312",
            "revoke_rules_on_delete": false,
            "tags": {
              "Environment": "staging",
              "Name": "zinovia-fans-staging-alb-sg"
            },
            "tags_all": {
              "Environment": "staging",
              "ManagedBy": "terraform",
              "Name": "zinovia-fans-staging-alb-sg",
              "Project": "zinovia-fans"
            },
            "timeouts": null,
            "vpc_id": "vpc-01cc3927aca442993"
          },
          "sensitive_attributes": [],
          "private": "eyJlMmJmYjczMC1lY2FhLTExZTYtOGY4OC0zNDM2M2JjN2M0YzAiOnsiY3JlYXRlIjo2MDAwMDAwMDAwMDAsImRlbGV0ZSI6OTAwMDAwMDAwMDAwfSwic2NoZW1hX3ZlcnNpb24iOiIxIn0=",
          "dependencies": [
            "module.network.aws_vpc.main"
          ],
          "create_before_destroy": true
        }
      ]
    },
    {
      "module": "module.network[0]",
      "mode": "managed",
      "type": "aws_security_group",
      "name": "ecs",
      "provider": "provider[\"registry.terraform.io/hashicorp/aws\"]",
      "instances": [
        {
          "schema_version": 1,
          "attributes": {
            "arn": "arn:aws:ec2:us-east-1:208030346312:security-group/sg-0566c87e2bc0ae8c3",
            "description": "ECS tasks: allow from ALB only",
            "egress": [
              {
                "cidr_blocks": [
                  "0.0.0.0/0"
                ],
                "description": "",
                "from_port": 0,
                "ipv6_cidr_blocks": [],
                "prefix_list_ids": [],
                "protocol": "-1",
                "security_groups": [],
                "self": false,
                "to_port": 0
              }
            ],
            "id": "sg-0566c87e2bc0ae8c3",
            "ingress": [
              {
                "cidr_blocks": [],
                "description": "",
                "from_port": 0,
                "ipv6_cidr_blocks": [],
                "prefix_list_ids": [],
                "protocol": "tcp",
                "security_groups": [
                  "sg-0809096d6e58670d8"
                ],
                "self": false,
                "to_port": 65535
              }
            ],
            "name": "zinovia-fans-prod-ecs-20260213112327319700000004",
            "name_prefix": "zinovia-fans-prod-ecs-",
            "owner_id": "208030346312",
            "revoke_rules_on_delete": false,
            "tags": {
              "Name": "zinovia-fans-prod-ecs-sg"
            },
            "tags_all": {
              "Environment": "prod",
              "ManagedBy": "terraform",
              "Name": "zinovia-fans-prod-ecs-sg",
              "Project": "zinovia-fans"
            },
            "timeouts": null,
            "vpc_id": "vpc-01cc3927aca442993"
          },
          "sensitive_attributes": [],
          "private": "eyJlMmJmYjczMC1lY2FhLTExZTYtOGY4OC0zNDM2M2JjN2M0YzAiOnsiY3JlYXRlIjo2MDAwMDAwMDAwMDAsImRlbGV0ZSI6OTAwMDAwMDAwMDAwfSwic2NoZW1hX3ZlcnNpb24iOiIxIn0=",
          "dependencies": [
            "module.network.aws_security_group.alb",
            "module.network.aws_vpc.main"
          ],
          "create_before_destroy": true
        },
        {
          "deposed": "e4596a77",
          "schema_version": 1,
          "attributes": {
            "arn": "arn:aws:ec2:us-east-1:208030346312:security-group/sg-09b01e4294e95df6e",
            "description": "ECS tasks: allow from ALB only",
            "egress": [
              {
                "cidr_blocks": [
                  "0.0.0.0/0"
                ],
                "description": "",
                "from_port": 0,
                "ipv6_cidr_blocks": [],
                "prefix_list_ids": [],
                "protocol": "-1",
                "security_groups": [],
                "self": false,
                "to_port": 0
              }
            ],
            "id": "sg-09b01e4294e95df6e",
            "ingress": [
              {
                "cidr_blocks": [],
                "description": "",
                "from_port": 0,
                "ipv6_cidr_blocks": [],
                "prefix_list_ids": [],
                "protocol": "tcp",
                "security_groups": [
                  "sg-0107cd458207ec0f5"
                ],
                "self": false,
                "to_port": 65535
              }
            ],
            "name": "zinovia-fans-staging-ecs-2026021309465957490000000a",
            "name_prefix": "zinovia-fans-staging-ecs-",
            "owner_id": "208030346312",
            "revoke_rules_on_delete": false,
            "tags": {
              "Environment": "staging",
              "Name": "zinovia-fans-staging-ecs-sg"
            },
            "tags_all": {
              "Environment": "staging",
              "ManagedBy": "terraform",
              "Name": "zinovia-fans-staging-ecs-sg",
              "Project": "zinovia-fans"
            },
            "timeouts": null,
            "vpc_id": "vpc-01cc3927aca442993"
          },
          "sensitive_attributes": [],
          "private": "eyJlMmJmYjczMC1lY2FhLTExZTYtOGY4OC0zNDM2M2JjN2M0YzAiOnsiY3JlYXRlIjo2MDAwMDAwMDAwMDAsImRlbGV0ZSI6OTAwMDAwMDAwMDAwfSwic2NoZW1hX3ZlcnNpb24iOiIxIn0=",
          "dependencies": [
            "module.network.aws_security_group.alb",
            "module.network.aws_vpc.main"
          ],
          "create_before_destroy": true
        }
      ]
    },
    {
      "module": "module.network[0]",
      "mode": "managed",
      "type": "aws_security_group",
      "name": "rds",
      "provider": "provider[\"registry.terraform.io/hashicorp/aws\"]",
      "instances": [
        {
          "schema_version": 1,
          "attributes": {
            "arn": "arn:aws:ec2:us-east-1:208030346312:security-group/sg-00408d4494d8823e3",
            "description": "RDS: allow from ECS tasks only",
            "egress": [
              {
                "cidr_blocks": [
                  "0.0.0.0/0"
                ],
                "description": "",
                "from_port": 0,
                "ipv6_cidr_blocks": [],
                "prefix_list_ids": [],
                "protocol": "-1",
                "security_groups": [],
                "self": false,
                "to_port": 0
              }
            ],
            "id": "sg-00408d4494d8823e3",
            "ingress": [
              {
                "cidr_blocks": [],
                "description": "",
                "from_port": 5432,
                "ipv6_cidr_blocks": [],
                "prefix_list_ids": [],
                "protocol": "tcp",
                "security_groups": [
                  "sg-0566c87e2bc0ae8c3"
                ],
                "self": false,
                "to_port": 5432
              }
            ],
            "name": "zinovia-fans-prod-rds-20260213112330627900000005",
            "name_prefix": "zinovia-fans-prod-rds-",
            "owner_id": "208030346312",
            "revoke_rules_on_delete": false,
            "tags": {
              "Name": "zinovia-fans-prod-rds-sg"
            },
            "tags_all": {
              "Environment": "prod",
              "ManagedBy": "terraform",
              "Name": "zinovia-fans-prod-rds-sg",
              "Project": "zinovia-fans"
            },
            "timeouts": null,
            "vpc_id": "vpc-01cc3927aca442993"
          },
          "sensitive_attributes": [],
          "private": "eyJlMmJmYjczMC1lY2FhLTExZTYtOGY4OC0zNDM2M2JjN2M0YzAiOnsiY3JlYXRlIjo2MDAwMDAwMDAwMDAsImRlbGV0ZSI6OTAwMDAwMDAwMDAwfSwic2NoZW1hX3ZlcnNpb24iOiIxIn0=",
          "dependencies": [
            "module.network.aws_security_group.alb",
            "module.network.aws_security_group.ecs",
            "module.network.aws_vpc.main"
          ],
          "create_before_destroy": true
        },
        {
          "deposed": "5bbd8238",
          "schema_version": 1,
          "attributes": {
            "arn": "arn:aws:ec2:us-east-1:208030346312:security-group/sg-00de5dea0fd231045",
            "description": "RDS: allow from ECS tasks only",
            "egress": [
              {
                "cidr_blocks": [
                  "0.0.0.0/0"
                ],
                "description": "",
                "from_port": 0,
                "ipv6_cidr_blocks": [],
                "prefix_list_ids": [],
                "protocol": "-1",
                "security_groups": [],
                "self": false,
                "to_port": 0
              }
            ],
            "id": "sg-00de5dea0fd231045",
            "ingress": [
              {
                "cidr_blocks": [],
                "description": "",
                "from_port": 5432,
                "ipv6_cidr_blocks": [],
                "prefix_list_ids": [],
                "protocol": "tcp",
                "security_groups": [
                  "sg-09b01e4294e95df6e"
                ],
                "self": false,
                "to_port": 5432
              }
            ],
            "name": "zinovia-fans-staging-rds-2026021309471978580000000c",
            "name_prefix": "zinovia-fans-staging-rds-",
            "owner_id": "208030346312",
            "revoke_rules_on_delete": false,
            "tags": {
              "Environment": "staging",
              "Name": "zinovia-fans-staging-rds-sg"
            },
            "tags_all": {
              "Environment": "staging",
              "ManagedBy": "terraform",
              "Name": "zinovia-fans-staging-rds-sg",
              "Project": "zinovia-fans"
            },
            "timeouts": null,
            "vpc_id": "vpc-01cc3927aca442993"
          },
          "sensitive_attributes": [],
          "private": "eyJlMmJmYjczMC1lY2FhLTExZTYtOGY4OC0zNDM2M2JjN2M0YzAiOnsiY3JlYXRlIjo2MDAwMDAwMDAwMDAsImRlbGV0ZSI6OTAwMDAwMDAwMDAwfSwic2NoZW1hX3ZlcnNpb24iOiIxIn0=",
          "dependencies": [
            "module.network.aws_security_group.alb",
            "module.network.aws_security_group.ecs",
            "module.network.aws_vpc.main"
          ],
          "create_before_destroy": true
        }
      ]
    },
    {
      "module": "module.network[0]",
      "mode": "managed",
      "type": "aws_subnet",
      "name": "private",
      "provider": "provider[\"registry.terraform.io/hashicorp/aws\"]",
      "instances": [
        {
          "index_key": 0,
          "schema_version": 1,
          "attributes": {
            "arn": "arn:aws:ec2:us-east-1:208030346312:subnet/subnet-0c70424244309cdd2",
            "assign_ipv6_address_on_creation": false,
            "availability_zone": "us-east-1a",
            "availability_zone_id": "use1-az1",
            "cidr_block": "10.0.128.0/20",
            "customer_owned_ipv4_pool": "",
            "enable_dns64": false,
            "enable_lni_at_device_index": 0,
            "enable_resource_name_dns_a_record_on_launch": false,
            "enable_resource_name_dns_aaaa_record_on_launch": false,
            "id": "subnet-0c70424244309cdd2",
            "ipv6_cidr_block": "",
            "ipv6_cidr_block_association_id": "",
            "ipv6_native": false,
            "map_customer_owned_ip_on_launch": false,
            "map_public_ip_on_launch": false,
            "outpost_arn": "",
            "owner_id": "208030346312",
            "private_dns_hostname_type_on_launch": "ip-name",
            "tags": {
              "Name": "zinovia-fans-prod-private-us-east-1a"
            },
            "tags_all": {
              "Environment": "prod",
              "ManagedBy": "terraform",
              "Name": "zinovia-fans-prod-private-us-east-1a",
              "Project": "zinovia-fans"
            },
            "timeouts": null,
            "vpc_id": "vpc-01cc3927aca442993"
          },
          "sensitive_attributes": [],
          "private": "eyJlMmJmYjczMC1lY2FhLTExZTYtOGY4OC0zNDM2M2JjN2M0YzAiOnsiY3JlYXRlIjo2MDAwMDAwMDAwMDAsImRlbGV0ZSI6MTIwMDAwMDAwMDAwMH0sInNjaGVtYV92ZXJzaW9uIjoiMSJ9",
          "dependencies": [
            "data.aws_availability_zones.available",
            "module.network.aws_vpc.main"
          ],
          "create_before_destroy": true
        },
        {
          "index_key": 1,
          "schema_version": 1,
          "attributes": {
            "arn": "arn:aws:ec2:us-east-1:208030346312:subnet/subnet-083997cbbc2d6e6ca",
            "assign_ipv6_address_on_creation": false,
            "availability_zone": "us-east-1b",
            "availability_zone_id": "use1-az2",
            "cidr_block": "10.0.144.0/20",
            "customer_owned_ipv4_pool": "",
            "enable_dns64": false,
            "enable_lni_at_device_index": 0,
            "enable_resource_name_dns_a_record_on_launch": false,
            "enable_resource_name_dns_aaaa_record_on_launch": false,
            "id": "subnet-083997cbbc2d6e6ca",
            "ipv6_cidr_block": "",
            "ipv6_cidr_block_association_id": "",
            "ipv6_native": false,
            "map_customer_owned_ip_on_launch": false,
            "map_public_ip_on_launch": false,
            "outpost_arn": "",
            "owner_id": "208030346312",
            "private_dns_hostname_type_on_launch": "ip-name",
            "tags": {
              "Name": "zinovia-fans-prod-private-us-east-1b"
            },
            "tags_all": {
              "Environment": "prod",
              "ManagedBy": "terraform",
              "Name": "zinovia-fans-prod-private-us-east-1b",
              "Project": "zinovia-fans"
            },
            "timeouts": null,
            "vpc_id": "vpc-01cc3927aca442993"
          },
          "sensitive_attributes": [],
          "private": "eyJlMmJmYjczMC1lY2FhLTExZTYtOGY4OC0zNDM2M2JjN2M0YzAiOnsiY3JlYXRlIjo2MDAwMDAwMDAwMDAsImRlbGV0ZSI6MTIwMDAwMDAwMDAwMH0sInNjaGVtYV92ZXJzaW9uIjoiMSJ9",
          "dependencies": [
            "data.aws_availability_zones.available",
            "module.network.aws_vpc.main"
          ],
          "create_before_destroy": true
        },
        {
          "index_key": 2,
          "schema_version": 1,
          "attributes": {
            "arn": "arn:aws:ec2:us-east-1:208030346312:subnet/subnet-0a228c6008ef3b220",
            "assign_ipv6_address_on_creation": false,
            "availability_zone": "us-east-1c",
            "availability_zone_id": "use1-az4",
            "cidr_block": "10.0.160.0/20",
            "customer_owned_ipv4_pool": "",
            "enable_dns64": false,
            "enable_lni_at_device_index": 0,
            "enable_resource_name_dns_a_record_on_launch": false,
            "enable_resource_name_dns_aaaa_record_on_launch": false,
            "id": "subnet-0a228c6008ef3b220",
            "ipv6_cidr_block": "",
            "ipv6_cidr_block_association_id": "",
            "ipv6_native": false,
            "map_customer_owned_ip_on_launch": false,
            "map_public_ip_on_launch": false,
            "outpost_arn": "",
            "owner_id": "208030346312",
            "private_dns_hostname_type_on_launch": "ip-name",
            "tags": {
              "Name": "zinovia-fans-prod-private-us-east-1c"
            },
            "tags_all": {
              "Environment": "prod",
              "ManagedBy": "terraform",
              "Name": "zinovia-fans-prod-private-us-east-1c",
              "Project": "zinovia-fans"
            },
            "timeouts": null,
            "vpc_id": "vpc-01cc3927aca442993"
          },
          "sensitive_attributes": [],
          "private": "eyJlMmJmYjczMC1lY2FhLTExZTYtOGY4OC0zNDM2M2JjN2M0YzAiOnsiY3JlYXRlIjo2MDAwMDAwMDAwMDAsImRlbGV0ZSI6MTIwMDAwMDAwMDAwMH0sInNjaGVtYV92ZXJzaW9uIjoiMSJ9",
          "dependencies": [
            "data.aws_availability_zones.available",
            "module.network.aws_vpc.main"
          ],
          "create_before_destroy": true
        }
      ]
    },
    {
      "module": "module.network[0]",
      "mode": "managed",
      "type": "aws_vpc",
      "name": "main",
      "provider": "provider[\"registry.terraform.io/hashicorp/aws\"]",
      "instances": [
        {
          "schema_version": 1,
          "attributes": {
            "arn": "arn:aws:ec2:us-east-1:208030346312:vpc/vpc-01cc3927aca442993",
            "assign_generated_ipv6_cidr_block": false,
            "cidr_block": "10.0.0.0/16",
            "default_network_acl_id": "acl-00952cdb94626e09d",
            "default_route_table_id": "rtb-0f5cbea8a30c125c3",
            "default_security_group_id": "sg-037e01ed7950e4ddf",
            "dhcp_options_id": "dopt-04598215c5a7efe3d",
            "enable_dns_hostnames": true,
            "enable_dns_support": true,
            "enable_network_address_usage_metrics": false,
            "id": "vpc-01cc3927aca442993",
            "instance_tenancy": "default",
            "ipv4_ipam_pool_id": null,
            "ipv4_netmask_length": null,
            "ipv6_association_id": "",
            "ipv6_cidr_block": "",
            "ipv6_cidr_block_network_border_group": "",
            "ipv6_ipam_pool_id": "",
            "ipv6_netmask_length": 0,
            "main_route_table_id": "rtb-0f5cbea8a30c125c3",
            "owner_id": "208030346312",
            "tags": {
              "Name": "zinovia-fans-prod-vpc"
            },
            "tags_all": {
              "Environment": "prod",
              "ManagedBy": "terraform",
              "Name": "zinovia-fans-prod-vpc",
              "Project": "zinovia-fans"
            }
          },
          "sensitive_attributes": [],
          "private": "eyJzY2hlbWFfdmVyc2lvbiI6IjEifQ==",
          "create_before_destroy": true
        }
      ]
    },
    {
      "module": "module.rds",
      "mode": "managed",
      "type": "aws_db_instance",
      "name": "main",
      "provider": "provider[\"registry.terraform.io/hashicorp/aws\"]",
      "instances": [
        {
          "schema_version": 2,
          "attributes": {
            "address": "zinovia-fans-staging-postgres.c8bweyw20bog.us-east-1.rds.amazonaws.com",
            "allocated_storage": 20,
            "allow_major_version_upgrade": null,
            "apply_immediately": false,
            "arn": "arn:aws:rds:us-east-1:208030346312:db:zinovia-fans-staging-postgres",
            "auto_minor_version_upgrade": true,
            "availability_zone": "us-east-1a",
            "backup_retention_period": 7,
            "backup_target": "region",
            "backup_window": "03:00-04:00",
            "blue_green_update": [],
            "ca_cert_identifier": "",
            "character_set_name": "",
            "copy_tags_to_snapshot": false,
            "custom_iam_instance_profile": "",
            "customer_owned_ip_enabled": false,
            "database_insights_mode": "standard",
            "db_name": "zinovia",
            "db_subnet_group_name": "zinovia-fans-staging-rds-subnet",
            "dedicated_log_volume": false,
            "delete_automated_backups": true,
            "deletion_protection": false,
            "domain": "",
            "domain_auth_secret_arn": "",
            "domain_dns_ips": [],
            "domain_fqdn": "",
            "domain_iam_role_name": "",
            "domain_ou": "",
            "enabled_cloudwatch_logs_exports": [],
            "endpoint": "zinovia-fans-staging-postgres.c8bweyw20bog.us-east-1.rds.amazonaws.com:5432",
            "engine": "postgres",
            "engine_lifecycle_support": "open-source-rds-extended-support",
            "engine_version": "16",
            "engine_version_actual": "16.10",
            "final_snapshot_identifier": null,
            "hosted_zone_id": "Z2R2ITUGPM61AM",
            "iam_database_authentication_enabled": false,
            "id": "db-SEHLRNIT6SMDOSKYXKQNQH6ZNU",
            "identifier": "zinovia-fans-staging-postgres",
            "identifier_prefix": "",
            "instance_class": "db.t3.micro",
            "iops": 0,
            "kms_key_id": "arn:aws:kms:us-east-1:208030346312:key/9a01bb8c-e044-4a59-82c3-e08c59ce44d9",
            "latest_restorable_time": "2026-02-13T14:04:36Z",
            "license_model": "postgresql-license",
            "listener_endpoint": [],
            "maintenance_window": "sun:04:00-sun:05:00",
            "manage_master_user_password": null,
            "master_user_secret": [],
            "master_user_secret_kms_key_id": null,
            "max_allocated_storage": 0,
            "monitoring_interval": 0,
            "monitoring_role_arn": "",
            "multi_az": false,
            "nchar_character_set_name": "",
            "network_type": "IPV4",
            "option_group_name": "default:postgres-16",
            "parameter_group_name": "default.postgres16",
            "password": "KtDsTZ42zXjZsrfgnXWVuNX565euQ1et",
            "password_wo": null,
            "password_wo_version": null,
            "performance_insights_enabled": false,
            "performance_insights_kms_key_id": "",
            "performance_insights_retention_period": 0,
            "port": 5432,
            "publicly_accessible": false,
            "replica_mode": "",
            "replicas": [],
            "replicate_source_db": "",
            "resource_id": "db-SEHLRNIT6SMDOSKYXKQNQH6ZNU",
            "restore_to_point_in_time": [],
            "s3_import": [],
            "skip_final_snapshot": false,
            "snapshot_identifier": null,
            "status": "deleting",
            "storage_encrypted": true,
            "storage_throughput": 0,
            "storage_type": "gp2",
            "tags": {
              "Name": "zinovia-fans-prod-postgres"
            },
            "tags_all": {
              "Environment": "prod",
              "ManagedBy": "terraform",
              "Name": "zinovia-fans-prod-postgres",
              "Project": "zinovia-fans"
            },
            "timeouts": null,
            "timezone": "",
            "upgrade_storage_config": null,
            "username": "zinovia",
            "vpc_security_group_ids": [
              "sg-00de5dea0fd231045"
            ]
          },
          "sensitive_attributes": [
            [
              {
                "type": "get_attr",
                "value": "password_wo"
              }
            ],
            [
              {
                "type": "get_attr",
                "value": "password"
              }
            ]
          ],
          "private": "eyJlMmJmYjczMC1lY2FhLTExZTYtOGY4OC0zNDM2M2JjN2M0YzAiOnsiY3JlYXRlIjozMDAwMDAwMDAwMDAwLCJkZWxldGUiOjM2MDAwMDAwMDAwMDAsInVwZGF0ZSI6NDgwMDAwMDAwMDAwMH0sInNjaGVtYV92ZXJzaW9uIjoiMiJ9",
          "dependencies": [
            "aws_security_group.alb_existing",
            "aws_security_group.ecs_existing",
            "aws_security_group.rds_existing",
            "data.aws_availability_zones.available",
            "module.network.aws_security_group.alb",
            "module.network.aws_security_group.ecs",
            "module.network.aws_security_group.rds",
            "module.network.aws_subnet.private",
            "module.network.aws_vpc.main",
            "module.rds.aws_db_subnet_group.main",
            "random_password.db"
          ]
        }
      ]
    },
    {
      "module": "module.rds",
      "mode": "managed",
      "type": "aws_db_subnet_group",
      "name": "main",
      "provider": "provider[\"registry.terraform.io/hashicorp/aws\"]",
      "instances": [
        {
          "schema_version": 0,
          "attributes": {
            "arn": "arn:aws:rds:us-east-1:208030346312:subgrp:zinovia-fans-prod-rds-subnet",
            "description": "Managed by Terraform",
            "id": "zinovia-fans-prod-rds-subnet",
            "name": "zinovia-fans-prod-rds-subnet",
            "name_prefix": "",
            "subnet_ids": [
              "subnet-083997cbbc2d6e6ca",
              "subnet-0a228c6008ef3b220",
              "subnet-0c70424244309cdd2"
            ],
            "supported_network_types": [
              "IPV4"
            ],
            "tags": {
              "Name": "zinovia-fans-prod-rds-subnet"
            },
            "tags_all": {
              "Environment": "prod",
              "ManagedBy": "terraform",
              "Name": "zinovia-fans-prod-rds-subnet",
              "Project": "zinovia-fans"
            },
            "vpc_id": "vpc-01cc3927aca442993"
          },
          "sensitive_attributes": [],
          "private": "bnVsbA==",
          "dependencies": [
            "data.aws_availability_zones.available",
            "module.network.aws_subnet.private",
            "module.network.aws_vpc.main"
          ],
          "create_before_destroy": true
        },
        {
          "deposed": "8baee8f2",
          "schema_version": 0,
          "attributes": {
            "arn": "arn:aws:rds:us-east-1:208030346312:subgrp:zinovia-fans-staging-rds-subnet",
            "description": "Managed by Terraform",
            "id": "zinovia-fans-staging-rds-subnet",
            "name": "zinovia-fans-staging-rds-subnet",
            "name_prefix": "",
            "subnet_ids": [
              "subnet-083997cbbc2d6e6ca",
              "subnet-0a228c6008ef3b220",
              "subnet-0c70424244309cdd2"
            ],
            "supported_network_types": [
              "IPV4"
            ],
            "tags": {
              "Environment": "staging",
              "Name": "zinovia-fans-staging-rds-subnet"
            },
            "tags_all": {
              "Environment": "staging",
              "ManagedBy": "terraform",
              "Name": "zinovia-fans-staging-rds-subnet",
              "Project": "zinovia-fans"
            },
            "vpc_id": "vpc-01cc3927aca442993"
          },
          "sensitive_attributes": [],
          "private": "bnVsbA==",
          "dependencies": [
            "data.aws_availability_zones.available",
            "module.network.aws_subnet.private",
            "module.network.aws_vpc.main"
          ],
          "create_before_destroy": true
        }
      ]
    }
  ],
  "check_results": [
    {
      "object_kind": "var",
      "config_addr": "var.environment",
      "status": "unknown",
      "objects": [
        {
          "object_addr": "var.environment",
          "status": "unknown"
        }
      ]
    },
    {
      "object_kind": "var",
      "config_addr": "var.aws_region",
      "status": "unknown",
      "objects": [
        {
          "object_addr": "var.aws_region",
          "status": "unknown"
        }
      ]
    },
    {
      "object_kind": "var",
      "config_addr": "var.web_use_apex",
      "status": "unknown",
      "objects": [
        {
          "object_addr": "var.web_use_apex",
          "status": "unknown"
        }
      ]
    }
  ]
}
